
Microsoft Visual Studio Solution File, Format Version 12.00
# Visual Studio 2013
VisualStudioVersion = 12.0.21005.1
MinimumVisualStudioVersion = 10.0.40219.1
Project("{8BC9CEB8-8B4A-11D0-8D11-00A0C91BC942}") = "List", "List\List.vcxproj", "{2D2FA3A8-7888-42AE-8DA0-00B04B24344B}"
EndProject
Project("{8BC9CEB8-8B4A-11D0-8D11-00A0C91BC942}") = "Stack", "stack\stack.vcxproj", "{3C4B05DB-66C5-4F5D-90C9-FD31230290B3}"
	ProjectSection(ProjectDependencies) = postProject
		{2D2FA3A8-7888-42AE-8DA0-00B04B24344B} = {2D2FA3A8-7888-42AE-8DA0-00B04B24344B}
	EndProjectSection
EndProject
Project("{8BC9CEB8-8B4A-11D0-8D11-00A0C91BC942}") = "-TEST", "-TEST\-TEST.vcxproj", "{405F9E95-1930-4C02-A1F0-F9C439B7DF2F}"
EndProject
Project("{8BC9CEB8-8B4A-11D0-8D11-00A0C91BC942}") = "Fibonacci", "fibonacci\Fibonacci.vcxproj", "{7EF4C9A7-2FF2-4E37-8920-D19E6422317C}"
EndProject
Project("{8BC9CEB8-8B4A-11D0-8D11-00A0C91BC942}") = "BinTree", "BinTree\BinTree.vcxproj", "{41B86584-C780-44A7-B5FF-602E63C7691A}"
EndProject
Project("{8BC9CEB8-8B4A-11D0-8D11-00A0C91BC942}") = "queue", "queue\queue.vcxproj", "{AA830C15-BBBF-4BC8-8461-1A2EBDA3827B}"
EndProject
Project("{8BC9CEB8-8B4A-11D0-8D11-00A0C91BC942}") = "vector", "vector\vector.vcxproj", "{347D3FD5-9377-4720-9266-2E4C5271D343}"
EndProject
Project("{8BC9CEB8-8B4A-11D0-8D11-00A0C91BC942}") = "graph", "graph\graph.vcxproj", "{F868B294-F99F-4C9E-9F12-4A6B18F42F9A}"
EndProject
Project("{8BC9CEB8-8B4A-11D0-8D11-00A0C91BC942}") = "BST二叉搜索树", "BST二叉搜索树\BST二叉搜索树.vcxproj", "{788B6BEF-474F-4532-81C8-FC23085D2CB8}"
EndProject
Project("{8BC9CEB8-8B4A-11D0-8D11-00A0C91BC942}") = "AVL", "AVL\AVL.vcxproj", "{D52BD196-0565-459B-9223-E28A06776C6C}"
EndProject
Project("{8BC9CEB8-8B4A-11D0-8D11-00A0C91BC942}") = "Splay伸展树", "Splay伸展树\Splay伸展树.vcxproj", "{EB5EA89A-FCF8-446D-ADF7-BC41D45DF579}"
EndProject
Project("{8BC9CEB8-8B4A-11D0-8D11-00A0C91BC942}") = "B-Tree", "BTree\BTree.vcxproj", "{AF84752B-EA60-45BD-AED6-B45C6A63B17F}"
EndProject
Project("{8BC9CEB8-8B4A-11D0-8D11-00A0C91BC942}") = "RB-Tree", "RB-Tree\RB-Tree.vcxproj", "{6C4B928F-68DF-469C-92C1-83B43D62E113}"
EndProject
Project("{8BC9CEB8-8B4A-11D0-8D11-00A0C91BC942}") = "kdTree", "kdTree\kdTree.vcxproj", "{2113F091-0419-4D37-86C0-3BCFAE3642F0}"
EndProject
Project("{8BC9CEB8-8B4A-11D0-8D11-00A0C91BC942}") = "hashtable", "hashtable\hashtable.vcxproj", "{9EF75793-AA6F-4769-B0EA-791B5671EE6B}"
EndProject
Project("{8BC9CEB8-8B4A-11D0-8D11-00A0C91BC942}") = "PQ_ComplHeap", "PQ_ComplHeap\PQ_ComplHeap.vcxproj", "{F4E2F101-99B7-4D05-8EB0-BFE7207E9628}"
EndProject
Global
	GlobalSection(SolutionConfigurationPlatforms) = preSolution
		Debug|Win32 = Debug|Win32
		Release|Win32 = Release|Win32
	EndGlobalSection
	GlobalSection(ProjectConfigurationPlatforms) = postSolution
		{2D2FA3A8-7888-42AE-8DA0-00B04B24344B}.Debug|Win32.ActiveCfg = Debug|Win32
		{2D2FA3A8-7888-42AE-8DA0-00B04B24344B}.Debug|Win32.Build.0 = Debug|Win32
		{2D2FA3A8-7888-42AE-8DA0-00B04B24344B}.Release|Win32.ActiveCfg = Release|Win32
		{2D2FA3A8-7888-42AE-8DA0-00B04B24344B}.Release|Win32.Build.0 = Release|Win32
		{3C4B05DB-66C5-4F5D-90C9-FD31230290B3}.Debug|Win32.ActiveCfg = Debug|Win32
		{3C4B05DB-66C5-4F5D-90C9-FD31230290B3}.Debug|Win32.Build.0 = Debug|Win32
		{3C4B05DB-66C5-4F5D-90C9-FD31230290B3}.Release|Win32.ActiveCfg = Release|Win32
		{3C4B05DB-66C5-4F5D-90C9-FD31230290B3}.Release|Win32.Build.0 = Release|Win32
		{405F9E95-1930-4C02-A1F0-F9C439B7DF2F}.Debug|Win32.ActiveCfg = Debug|Win32
		{405F9E95-1930-4C02-A1F0-F9C439B7DF2F}.Debug|Win32.Build.0 = Debug|Win32
		{405F9E95-1930-4C02-A1F0-F9C439B7DF2F}.Release|Win32.ActiveCfg = Release|Win32
		{405F9E95-1930-4C02-A1F0-F9C439B7DF2F}.Release|Win32.Build.0 = Release|Win32
		{7EF4C9A7-2FF2-4E37-8920-D19E6422317C}.Debug|Win32.ActiveCfg = Debug|Win32
		{7EF4C9A7-2FF2-4E37-8920-D19E6422317C}.Debug|Win32.Build.0 = Debug|Win32
		{7EF4C9A7-2FF2-4E37-8920-D19E6422317C}.Release|Win32.ActiveCfg = Release|Win32
		{7EF4C9A7-2FF2-4E37-8920-D19E6422317C}.Release|Win32.Build.0 = Release|Win32
		{41B86584-C780-44A7-B5FF-602E63C7691A}.Debug|Win32.ActiveCfg = Debug|Win32
		{41B86584-C780-44A7-B5FF-602E63C7691A}.Debug|Win32.Build.0 = Debug|Win32
		{41B86584-C780-44A7-B5FF-602E63C7691A}.Release|Win32.ActiveCfg = Release|Win32
		{41B86584-C780-44A7-B5FF-602E63C7691A}.Release|Win32.Build.0 = Release|Win32
		{AA830C15-BBBF-4BC8-8461-1A2EBDA3827B}.Debug|Win32.ActiveCfg = Debug|Win32
		{AA830C15-BBBF-4BC8-8461-1A2EBDA3827B}.Debug|Win32.Build.0 = Debug|Win32
		{AA830C15-BBBF-4BC8-8461-1A2EBDA3827B}.Release|Win32.ActiveCfg = Release|Win32
		{AA830C15-BBBF-4BC8-8461-1A2EBDA3827B}.Release|Win32.Build.0 = Release|Win32
		{347D3FD5-9377-4720-9266-2E4C5271D343}.Debug|Win32.ActiveCfg = Debug|Win32
		{347D3FD5-9377-4720-9266-2E4C5271D343}.Debug|Win32.Build.0 = Debug|Win32
		{347D3FD5-9377-4720-9266-2E4C5271D343}.Release|Win32.ActiveCfg = Release|Win32
		{347D3FD5-9377-4720-9266-2E4C5271D343}.Release|Win32.Build.0 = Release|Win32
		{F868B294-F99F-4C9E-9F12-4A6B18F42F9A}.Debug|Win32.ActiveCfg = Debug|Win32
		{F868B294-F99F-4C9E-9F12-4A6B18F42F9A}.Debug|Win32.Build.0 = Debug|Win32
		{F868B294-F99F-4C9E-9F12-4A6B18F42F9A}.Release|Win32.ActiveCfg = Release|Win32
		{F868B294-F99F-4C9E-9F12-4A6B18F42F9A}.Release|Win32.Build.0 = Release|Win32
		{788B6BEF-474F-4532-81C8-FC23085D2CB8}.Debug|Win32.ActiveCfg = Debug|Win32
		{788B6BEF-474F-4532-81C8-FC23085D2CB8}.Debug|Win32.Build.0 = Debug|Win32
		{788B6BEF-474F-4532-81C8-FC23085D2CB8}.Release|Win32.ActiveCfg = Release|Win32
		{788B6BEF-474F-4532-81C8-FC23085D2CB8}.Release|Win32.Build.0 = Release|Win32
		{D52BD196-0565-459B-9223-E28A06776C6C}.Debug|Win32.ActiveCfg = Debug|Win32
		{D52BD196-0565-459B-9223-E28A06776C6C}.Debug|Win32.Build.0 = Debug|Win32
		{D52BD196-0565-459B-9223-E28A06776C6C}.Release|Win32.ActiveCfg = Release|Win32
		{D52BD196-0565-459B-9223-E28A06776C6C}.Release|Win32.Build.0 = Release|Win32
		{EB5EA89A-FCF8-446D-ADF7-BC41D45DF579}.Debug|Win32.ActiveCfg = Debug|Win32
		{EB5EA89A-FCF8-446D-ADF7-BC41D45DF579}.Debug|Win32.Build.0 = Debug|Win32
		{EB5EA89A-FCF8-446D-ADF7-BC41D45DF579}.Release|Win32.ActiveCfg = Release|Win32
		{EB5EA89A-FCF8-446D-ADF7-BC41D45DF579}.Release|Win32.Build.0 = Release|Win32
		{AF84752B-EA60-45BD-AED6-B45C6A63B17F}.Debug|Win32.ActiveCfg = Debug|Win32
		{AF84752B-EA60-45BD-AED6-B45C6A63B17F}.Debug|Win32.Build.0 = Debug|Win32
		{AF84752B-EA60-45BD-AED6-B45C6A63B17F}.Release|Win32.ActiveCfg = Release|Win32
		{AF84752B-EA60-45BD-AED6-B45C6A63B17F}.Release|Win32.Build.0 = Release|Win32
		{6C4B928F-68DF-469C-92C1-83B43D62E113}.Debug|Win32.ActiveCfg = Debug|Win32
		{6C4B928F-68DF-469C-92C1-83B43D62E113}.Debug|Win32.Build.0 = Debug|Win32
		{6C4B928F-68DF-469C-92C1-83B43D62E113}.Release|Win32.ActiveCfg = Release|Win32
		{6C4B928F-68DF-469C-92C1-83B43D62E113}.Release|Win32.Build.0 = Release|Win32
		{2113F091-0419-4D37-86C0-3BCFAE3642F0}.Debug|Win32.ActiveCfg = Debug|Win32
		{2113F091-0419-4D37-86C0-3BCFAE3642F0}.Debug|Win32.Build.0 = Debug|Win32
		{2113F091-0419-4D37-86C0-3BCFAE3642F0}.Release|Win32.ActiveCfg = Release|Win32
		{2113F091-0419-4D37-86C0-3BCFAE3642F0}.Release|Win32.Build.0 = Release|Win32
		{9EF75793-AA6F-4769-B0EA-791B5671EE6B}.Debug|Win32.ActiveCfg = Debug|Win32
		{9EF75793-AA6F-4769-B0EA-791B5671EE6B}.Debug|Win32.Build.0 = Debug|Win32
		{9EF75793-AA6F-4769-B0EA-791B5671EE6B}.Release|Win32.ActiveCfg = Release|Win32
		{9EF75793-AA6F-4769-B0EA-791B5671EE6B}.Release|Win32.Build.0 = Release|Win32
		{F4E2F101-99B7-4D05-8EB0-BFE7207E9628}.Debug|Win32.ActiveCfg = Debug|Win32
		{F4E2F101-99B7-4D05-8EB0-BFE7207E9628}.Debug|Win32.Build.0 = Debug|Win32
		{F4E2F101-99B7-4D05-8EB0-BFE7207E9628}.Release|Win32.ActiveCfg = Release|Win32
		{F4E2F101-99B7-4D05-8EB0-BFE7207E9628}.Release|Win32.Build.0 = Release|Win32
	EndGlobalSection
	GlobalSection(SolutionProperties) = preSolution
		HideSolutionNode = FALSE
	EndGlobalSection
EndGlobal
